
Microsoft Visual Studio Solution File, Format Version 12.00
# Visual Studio Version 17
VisualStudioVersion = 17.0.32112.339
MinimumVisualStudioVersion = 10.0.40219.1
Project("{FAE04EC0-301F-11D3-BF4B-00C04F79EFBC}") = "TodoLibrary", "TodoLibrary\TodoLibrary.csproj", "{6E5EDBC5-55B0-421A-AB4E-02F25643101C}"
EndProject
Project("{FAE04EC0-301F-11D3-BF4B-00C04F79EFBC}") = "TodoAPI", "TodoAPI\TodoAPI.csproj", "{25B44333-8A27-4F85-BF20-0FEBB0C8F0DE}"
EndProject
Project("{FAE04EC0-301F-11D3-BF4B-00C04F79EFBC}") = "TodoAPI.Test", "TodoAPI.Test\TodoAPI.Test.csproj", "{4AE0AE68-E0F2-4C00-AE88-9EDF54964DD2}"
EndProject
Global
	GlobalSection(SolutionConfigurationPlatforms) = preSolution
		Debug|Any CPU = Debug|Any CPU
		Release|Any CPU = Release|Any CPU
	EndGlobalSection
	GlobalSection(ProjectConfigurationPlatforms) = postSolution
		{6E5EDBC5-55B0-421A-AB4E-02F25643101C}.Debug|Any CPU.ActiveCfg = Debug|Any CPU
		{6E5EDBC5-55B0-421A-AB4E-02F25643101C}.Debug|Any CPU.Build.0 = Debug|Any CPU
		{6E5EDBC5-55B0-421A-AB4E-02F25643101C}.Release|Any CPU.ActiveCfg = Release|Any CPU
		{6E5EDBC5-55B0-421A-AB4E-02F25643101C}.Release|Any CPU.Build.0 = Release|Any CPU
		{25B44333-8A27-4F85-BF20-0FEBB0C8F0DE}.Debug|Any CPU.ActiveCfg = Debug|Any CPU
		{25B44333-8A27-4F85-BF20-0FEBB0C8F0DE}.Debug|Any CPU.Build.0 = Debug|Any CPU
		{25B44333-8A27-4F85-BF20-0FEBB0C8F0DE}.Release|Any CPU.ActiveCfg = Release|Any CPU
		{25B44333-8A27-4F85-BF20-0FEBB0C8F0DE}.Release|Any CPU.Build.0 = Release|Any CPU
		{4AE0AE68-E0F2-4C00-AE88-9EDF54964DD2}.Debug|Any CPU.ActiveCfg = Debug|Any CPU
		{4AE0AE68-E0F2-4C00-AE88-9EDF54964DD2}.Debug|Any CPU.Build.0 = Debug|Any CPU
		{4AE0AE68-E0F2-4C00-AE88-9EDF54964DD2}.Release|Any CPU.ActiveCfg = Release|Any CPU
		{4AE0AE68-E0F2-4C00-AE88-9EDF54964DD2}.Release|Any CPU.Build.0 = Release|Any CPU
	EndGlobalSection
	GlobalSection(SolutionProperties) = preSolution
		HideSolutionNode = FALSE
	EndGlobalSection
	GlobalSection(ExtensibilityGlobals) = postSolution
		SolutionGuid = {4DFB331E-8304-46D1-9C05-D7798AE7E1E4}
	EndGlobalSection
EndGlobal
